{
  "name": "sikka-sdk",
  "version": "1.0.0",
  "lockfileVersion": 3,
  "requires": true,
  "packages": {
    "": {
      "name": "sikka-sdk",
      "version": "1.0.0",
      "license": "ISC",
      "dependencies": {
        "@noble/hashes": "^2.2.0",
        "mldsa-wasm": "^0.0.4"
      }
    },
    "node_modules/@noble/hashes": {
      "version": "2.2.0",
      "resolved": "https://registry.npmjs.org/@noble/hashes/-/hashes-2.2.0.tgz",
      "integrity": "sha512-IYqDGiTXab6FniAgnSdZwgWbomxpy9FtYvLKs7wCUs2a8RkITG+DFGO1DM9cr+E3/RgADRpFjrKVaJ1z6sjtEg==",
      "license": "MIT",
      "engines": {
        "node": ">= 20.19.0"
      },
      "funding": {
        "url": "https://paulmillr.com/funding/"
      }
    },
    "node_modules/mldsa-wasm": {
      "version": "0.0.4",
      "resolved": "https://registry.npmjs.org/mldsa-wasm/-/mldsa-wasm-0.0.4.tgz",
      "integrity": "sha512-3A6JALLEuQCBFbsOBIgn05EdxtcdPGvKt33MtIqU4WODC4tzlnQanB5iwLHIl7BuzOGUn1bImVX2ghENRqfBIg==",
      "license": "MIT"
    }
  }
}
